// !$*UTF8*$!
{
	archiveVersion = 1;
	classes = {
	};
	objectVersion = 46;
	objects = {

/* Begin PBXBuildFile section */
		8207E88F1E9F47C30084FD0E /* AppDelegate.swift in Sources */ = {isa = PBXBuildFile; fileRef = 8207E88E1E9F47C30084FD0E /* AppDelegate.swift */; };
		8207E8911E9F47C30084FD0E /* ViewController.swift in Sources */ = {isa = PBXBuildFile; fileRef = 8207E8901E9F47C30084FD0E /* ViewController.swift */; };
		8207E8941E9F47C30084FD0E /* Main.storyboard in Resources */ = {isa = PBXBuildFile; fileRef = 8207E8921E9F47C30084FD0E /* Main.storyboard */; };
		8207E8961E9F47C30084FD0E /* Assets.xcassets in Resources */ = {isa = PBXBuildFile; fileRef = 8207E8951E9F47C30084FD0E /* Assets.xcassets */; };
		8207E8991E9F47C30084FD0E /* LaunchScreen.storyboard in Resources */ = {isa = PBXBuildFile; fileRef = 8207E8971E9F47C30084FD0E /* LaunchScreen.storyboard */; };
		8207E8A41E9F47C30084FD0E /* ScaleLayerTests.swift in Sources */ = {isa = PBXBuildFile; fileRef = 8207E8A31E9F47C30084FD0E /* ScaleLayerTests.swift */; };
		8207E8AF1E9F47C30084FD0E /* ScaleLayerUITests.swift in Sources */ = {isa = PBXBuildFile; fileRef = 8207E8AE1E9F47C30084FD0E /* ScaleLayerUITests.swift */; };
/* End PBXBuildFile section */

/* Begin PBXContainerItemProxy section */
		8207E8A01E9F47C30084FD0E /* PBXContainerItemProxy */ = {
			isa = PBXContainerItemProxy;
			containerPortal = 8207E8831E9F47C30084FD0E /* Project object */;
			proxyType = 1;
			remoteGlobalIDString = 8207E88A1E9F47C30084FD0E;
			remoteInfo = ScaleLayer;
		};
		8207E8AB1E9F47C30084FD0E /* PBXContainerItemProxy */ = {
			isa = PBXContainerItemProxy;
			containerPortal = 8207E8831E9F47C30084FD0E /* Project object */;
			proxyType = 1;
			remoteGlobalIDString = 8207E88A1E9F47C30084FD0E;
			remoteInfo = ScaleLayer;
		};
/* End PBXContainerItemProxy section */

/* Begin PBXFileReference section */
		8207E88B1E9F47C30084FD0E /* ScaleLayer.app */ = {isa = PBXFileReference; explicitFileType = wrapper.application; includeInIndex = 0; path = ScaleLayer.app; sourceTree = BUILT_PRODUCTS_DIR; };
		8207E88E1E9F47C30084FD0E /* AppDelegate.swift */ = {isa = PBXFileReference; lastKnownFileType = sourcecode.swift; path = AppDelegate.swift; sourceTree = "<group>"; };
		8207E8901E9F47C30084FD0E /* ViewController.swift */ = {isa = PBXFileReference; lastKnownFileType = sourcecode.swift; path = ViewController.swift; sourceTree = "<group>"; };
		8207E8931E9F47C30084FD0E /* Base */ = {isa = PBXFileReference; lastKnownFileType = file.storyboard; name = Base; path = Base.lproj/Main.storyboard; sourceTree = "<group>"; };
		8207E8951E9F47C30084FD0E /* Assets.xcassets */ = {isa = PBXFileReference; lastKnownFileType = folder.assetcatalog; path = Assets.xcassets; sourceTree = "<group>"; };
		8207E8981E9F47C30084FD0E /* Base */ = {isa = PBXFileReference; lastKnownFileType = file.storyboard; name = Base; path = Base.lproj/LaunchScreen.storyboard; sourceTree = "<group>"; };
		8207E89A1E9F47C30084FD0E /* Info.plist */ = {isa = PBXFileReference; lastKnownFileType = text.plist.xml; path = Info.plist; sourceTree = "<group>"; };
		8207E89F1E9F47C30084FD0E /* ScaleLayerTests.xctest */ = {isa = PBXFileReference; explicitFileType = wrapper.cfbundle; includeInIndex = 0; path = ScaleLayerTests.xctest; sourceTree = BUILT_PRODUCTS_DIR; };
		8207E8A31E9F47C30084FD0E /* ScaleLayerTests.swift */ = {isa = PBXFileReference; lastKnownFileType = sourcecode.swift; path = ScaleLayerTests.swift; sourceTree = "<group>"; };
		8207E8A51E9F47C30084FD0E /* Info.plist */ = {isa = PBXFileReference; lastKnownFileType = text.plist.xml; path = Info.plist; sourceTree = "<group>"; };
		8207E8AA1E9F47C30084FD0E /* ScaleLayerUITests.xctest */ = {isa = PBXFileReference; explicitFileType = wrapper.cfbundle; includeInIndex = 0; path = ScaleLayerUITests.xctest; sourceTree = BUILT_PRODUCTS_DIR; };
		8207E8AE1E9F47C30084FD0E /* ScaleLayerUITests.swift */ = {isa = PBXFileReference; lastKnownFileType = sourcecode.swift; path = ScaleLayerUITests.swift; sourceTree = "<group>"; };
		8207E8B01E9F47C30084FD0E /* Info.plist */ = {isa = PBXFileReference; lastKnownFileType = text.plist.xml; path = Info.plist; sourceTree = "<group>"; };
/* End PBXFileReference section */

/* Begin PBXFrameworksBuildPhase section */
		8207E8881E9F47C30084FD0E /* Frameworks */ = {
			isa = PBXFrameworksBuildPhase;
			buildActionMask = 2147483647;
			files = (
			);
			runOnlyForDeploymentPostprocessing = 0;
		};
		8207E89C1E9F47C30084FD0E /* Frameworks */ = {
			isa = PBXFrameworksBuildPhase;
			buildActionMask = 2147483647;
			files = (
			);
			runOnlyForDeploymentPostprocessing = 0;
		};
		8207E8A71E9F47C30084FD0E /* Frameworks */ = {
			isa = PBXFrameworksBuildPhase;
			buildActionMask = 2147483647;
			files = (
			);
			runOnlyForDeploymentPostprocessing = 0;
		};
/* End PBXFrameworksBuildPhase section */

/* Begin PBXGroup section */
		8207E8821E9F47C30084FD0E = {
			isa = PBXGroup;
			children = (
				8207E88D1E9F47C30084FD0E /* ScaleLayer */,
				8207E8A21E9F47C30084FD0E /* ScaleLayerTests */,
				8207E8AD1E9F47C30084FD0E /* ScaleLayerUITests */,
				8207E88C1E9F47C30084FD0E /* Products */,
			);
			sourceTree = "<group>";
		};
		8207E88C1E9F47C30084FD0E /* Products */ = {
			isa = PBXGroup;
			children = (
				8207E88B1E9F47C30084FD0E /* ScaleLayer.app */,
				8207E89F1E9F47C30084FD0E /* ScaleLayerTests.xctest */,
				8207E8AA1E9F47C30084FD0E /* ScaleLayerUITests.xctest */,
			);
			name = Products;
			sourceTree = "<group>";
		};
		8207E88D1E9F47C30084FD0E /* ScaleLayer */ = {
			isa = PBXGroup;
			children = (
				8207E88E1E9F47C30084FD0E /* AppDelegate.swift */,
				8207E8901E9F47C30084FD0E /* ViewController.swift */,
				8207E8921E9F47C30084FD0E /* Main.storyboard */,
				8207E8951E9F47C30084FD0E /* Assets.xcassets */,
				8207E8971E9F47C30084FD0E /* LaunchScreen.storyboard */,
				8207E89A1E9F47C30084FD0E /* Info.plist */,
			);
			path = ScaleLayer;
			sourceTree = "<group>";
		};
		8207E8A21E9F47C30084FD0E /* ScaleLayerTests */ = {
			isa = PBXGroup;
			children = (
				8207E8A31E9F47C30084FD0E /* ScaleLayerTests.swift */,
				8207E8A51E9F47C30084FD0E /* Info.plist */,
			);
			path = ScaleLayerTests;
			sourceTree = "<group>";
		};
		8207E8AD1E9F47C30084FD0E /* ScaleLayerUITests */ = {
			isa = PBXGroup;
			children = (
				8207E8AE1E9F47C30084FD0E /* ScaleLayerUITests.swift */,
				8207E8B01E9F47C30084FD0E /* Info.plist */,
			);
			path = ScaleLayerUITests;
			sourceTree = "<group>";
		};
/* End PBXGroup section */

/* Begin PBXNativeTarget section */
		8207E88A1E9F47C30084FD0E /* ScaleLayer */ = {
			isa = PBXNativeTarget;
			buildConfigurationList = 8207E8B31E9F47C30084FD0E /* Build configuration list for PBXNativeTarget "ScaleLayer" */;
			buildPhases = (
				8207E8871E9F47C30084FD0E /* Sources */,
				8207E8881E9F47C30084FD0E /* Frameworks */,
				8207E8891E9F47C30084FD0E /* Resources */,
			);
			buildRules = (
			);
			dependencies = (
			);
			name = ScaleLayer;
			productName = ScaleLayer;
			productReference = 8207E88B1E9F47C30084FD0E /* ScaleLayer.app */;
			productType = "com.apple.product-type.application";
		};
		8207E89E1E9F47C30084FD0E /* ScaleLayerTests */ = {
			isa = PBXNativeTarget;
			buildConfigurationList = 8207E8B61E9F47C30084FD0E /* Build configuration list for PBXNativeTarget "ScaleLayerTests" */;
			buildPhases = (
				8207E89B1E9F47C30084FD0E /* Sources */,
				8207E89C1E9F47C30084FD0E /* Frameworks */,
				8207E89D1E9F47C30084FD0E /* Resources */,
			);
			buildRules = (
			);
			dependencies = (
				8207E8A11E9F47C30084FD0E /* PBXTargetDependency */,
			);
			name = ScaleLayerTests;
			productName = ScaleLayerTests;
			productReference = 8207E89F1E9F47C30084FD0E /* ScaleLayerTests.xctest */;
			productType = "com.apple.product-type.bundle.unit-test";
		};
		8207E8A91E9F47C30084FD0E /* ScaleLayerUITests */ = {
			isa = PBXNativeTarget;
			buildConfigurationList = 8207E8B91E9F47C30084FD0E /* Build configuration list for PBXNativeTarget "ScaleLayerUITests" */;
			buildPhases = (
				8207E8A61E9F47C30084FD0E /* Sources */,
				8207E8A71E9F47C30084FD0E /* Frameworks */,
				8207E8A81E9F47C30084FD0E /* Resources */,
			);
			buildRules = (
			);
			dependencies = (
				8207E8AC1E9F47C30084FD0E /* PBXTargetDependency */,
			);
			name = ScaleLayerUITests;
			productName = ScaleLayerUITests;
			productReference = 8207E8AA1E9F47C30084FD0E /* ScaleLayerUITests.xctest */;
			productType = "com.apple.product-type.bundle.ui-testing";
		};
/* End PBXNativeTarget section */

/* Begin PBXProject section */
		8207E8831E9F47C30084FD0E /* Project object */ = {
			isa = PBXProject;
			attributes = {
				LastSwiftUpdateCheck = 0830;
				LastUpgradeCheck = 0830;
				ORGANIZATIONNAME = YLT;
				TargetAttributes = {
					8207E88A1E9F47C30084FD0E = {
						CreatedOnToolsVersion = 8.3;
						DevelopmentTeam = HV8NWK3YP7;
						ProvisioningStyle = Automatic;
					};
					8207E89E1E9F47C30084FD0E = {
						CreatedOnToolsVersion = 8.3;
						DevelopmentTeam = HV8NWK3YP7;
						ProvisioningStyle = Automatic;
						TestTargetID = 8207E88A1E9F47C30084FD0E;
					};
					8207E8A91E9F47C30084FD0E = {
						CreatedOnToolsVersion = 8.3;
						DevelopmentTeam = HV8NWK3YP7;
						ProvisioningStyle = Automatic;
						TestTargetID = 8207E88A1E9F47C30084FD0E;
					};
				};
			};
			buildConfigurationList = 8207E8861E9F47C30084FD0E /* Build configuration list for PBXProject "ScaleLayer" */;
			compatibilityVersion = "Xcode 3.2";
			developmentRegion = English;
			hasScannedForEncodings = 0;
			knownRegions = (
				en,
				Base,
			);
			mainGroup = 8207E8821E9F47C30084FD0E;
			productRefGroup = 8207E88C1E9F47C30084FD0E /* Products */;
			projectDirPath = "";
			projectRoot = "";
			targets = (
				8207E88A1E9F47C30084FD0E /* ScaleLayer */,
				8207E89E1E9F47C30084FD0E /* ScaleLayerTests */,
				8207E8A91E9F47C30084FD0E /* ScaleLayerUITests */,
			);
		};
/* End PBXProject section */

/* Begin PBXResourcesBuildPhase section */
		8207E8891E9F47C30084FD0E /* Resources */ = {
			isa = PBXResourcesBuildPhase;
			buildActionMask = 2147483647;
			files = (
				8207E8991E9F47C30084FD0E /* LaunchScreen.storyboard in Resources */,
				8207E8961E9F47C30084FD0E /* Assets.xcassets in Resources */,
				8207E8941E9F47C30084FD0E /* Main.storyboard in Resources */,
			);
			runOnlyForDeploymentPostprocessing = 0;
		};
		8207E89D1E9F47C30084FD0E /* Resources */ = {
			isa = PBXResourcesBuildPhase;
			buildActionMask = 2147483647;
			files = (
			);
			runOnlyForDeploymentPostprocessing = 0;
		};
		8207E8A81E9F47C30084FD0E /* Resources */ = {
			isa = PBXResourcesBuildPhase;
			buildActionMask = 2147483647;
			files = (
			);
			runOnlyForDeploymentPostprocessing = 0;
		};
/* End PBXResourcesBuildPhase section */

/* Begin PBXSourcesBuildPhase section */
		8207E8871E9F47C30084FD0E /* Sources */ = {
			isa = PBXSourcesBuildPhase;
			buildActionMask = 2147483647;
			files = (
				8207E8911E9F47C30084FD0E /* ViewController.swift in Sources */,
				8207E88F1E9F47C30084FD0E /* AppDelegate.swift in Sources */,
			);
			runOnlyForDeploymentPostprocessing = 0;
		};
		8207E89B1E9F47C30084FD0E /* Sources */ = {
			isa = PBXSourcesBuildPhase;
			buildActionMask = 2147483647;
			files = (
				8207E8A41E9F47C30084FD0E /* ScaleLayerTests.swift in Sources */,
			);
			runOnlyForDeploymentPostprocessing = 0;
		};
		8207E8A61E9F47C30084FD0E /* Sources */ = {
			isa = PBXSourcesBuildPhase;
			buildActionMask = 2147483647;
			files = (
				8207E8AF1E9F47C30084FD0E /* ScaleLayerUITests.swift in Sources */,
			);
			runOnlyForDeploymentPostprocessing = 0;
		};
/* End PBXSourcesBuildPhase section */

/* Begin PBXTargetDependency section */
		8207E8A11E9F47C30084FD0E /* PBXTargetDependency */ = {
			isa = PBXTargetDependency;
			target = 8207E88A1E9F47C30084FD0E /* ScaleLayer */;
			targetProxy = 8207E8A01E9F47C30084FD0E /* PBXContainerItemProxy */;
		};
		8207E8AC1E9F47C30084FD0E /* PBXTargetDependency */ = {
			isa = PBXTargetDependency;
			target = 8207E88A1E9F47C30084FD0E /* ScaleLayer */;
			targetProxy = 8207E8AB1E9F47C30084FD0E /* PBXContainerItemProxy */;
		};
/* End PBXTargetDependency section */

/* Begin PBXVariantGroup section */
		8207E8921E9F47C30084FD0E /* Main.storyboard */ = {
			isa = PBXVariantGroup;
			children = (
				8207E8931E9F47C30084FD0E /* Base */,
			);
			name = Main.storyboard;
			sourceTree = "<group>";
		};
		8207E8971E9F47C30084FD0E /* LaunchScreen.storyboard */ = {
			isa = PBXVariantGroup;
			children = (
				8207E8981E9F47C30084FD0E /* Base */,
			);
			name = LaunchScreen.storyboard;
			sourceTree = "<group>";
		};
/* End PBXVariantGroup section */

/* Begin XCBuildConfiguration section */
		8207E8B11E9F47C30084FD0E /* Debug */ = {
			isa = XCBuildConfiguration;
			buildSettings = {
				ALWAYS_SEARCH_USER_PATHS = NO;
				CLANG_ANALYZER_NONNULL = YES;
				CLANG_ANALYZER_NUMBER_OBJECT_CONVERSION = YES_AGGRESSIVE;
				CLANG_CXX_LANGUAGE_STANDARD = "gnu++0x";
				CLANG_CXX_LIBRARY = "libc++";
				CLANG_ENABLE_MODULES = YES;
				CLANG_ENABLE_OBJC_ARC = YES;
				CLANG_WARN_BOOL_CONVERSION = YES;
				CLANG_WARN_CONSTANT_CONVERSION = YES;
				CLANG_WARN_DIRECT_OBJC_ISA_USAGE = YES_ERROR;
				CLANG_WARN_DOCUMENTATION_COMMENTS = YES;
				CLANG_WARN_EMPTY_BODY = YES;
				CLANG_WARN_ENUM_CONVERSION = YES;
				CLANG_WARN_INFINITE_RECURSION = YES;
				CLANG_WARN_INT_CONVERSION = YES;
				CLANG_WARN_OBJC_ROOT_CLASS = YES_ERROR;
				CLANG_WARN_SUSPICIOUS_MOVE = YES;
				CLANG_WARN_UNREACHABLE_CODE = YES;
				CLANG_WARN__DUPLICATE_METHOD_MATCH = YES;
				"CODE_SIGN_IDENTITY[sdk=iphoneos*]" = "iPhone Developer";
				COPY_PHASE_STRIP = NO;
				DEBUG_INFORMATION_FORMAT = dwarf;
				ENABLE_STRICT_OBJC_MSGSEND = YES;
				ENABLE_TESTABILITY = YES;
				GCC_C_LANGUAGE_STANDARD = gnu99;
				GCC_DYNAMIC_NO_PIC = NO;
				GCC_NO_COMMON_BLOCKS = YES;
				GCC_OPTIMIZATION_LEVEL = 0;
				GCC_PREPROCESSOR_DEFINITIONS = (
					"DEBUG=1",
					"$(inherited)",
				);
				GCC_WARN_64_TO_32_BIT_CONVERSION = YES;
				GCC_WARN_ABOUT_RETURN_TYPE = YES_ERROR;
				GCC_WARN_UNDECLARED_SELECTOR = YES;
				GCC_WARN_UNINITIALIZED_AUTOS = YES_AGGRESSIVE;
				GCC_WARN_UNUSED_FUNCTION = YES;
				GCC_WARN_UNUSED_VARIABLE = YES;
				IPHONEOS_DEPLOYMENT_TARGET = 10.3;
				MTL_ENABLE_DEBUG_INFO = YES;
				ONLY_ACTIVE_ARCH = YES;
				SDKROOT = iphoneos;
				SWIFT_ACTIVE_COMPILATION_CONDITIONS = DEBUG;
				SWIFT_OPTIMIZATION_LEVEL = "-Onone";
			};
			name = Debug;
		};
		8207E8B21E9F47C30084FD0E /* Release */ = {
			isa = XCBuildConfiguration;
			buildSettings = {
				ALWAYS_SEARCH_USER_PATHS = NO;
				CLANG_ANALYZER_NONNULL = YES;
				CLANG_ANALYZER_NUMBER_OBJECT_CONVERSION = YES_AGGRESSIVE;
				CLANG_CXX_LANGUAGE_STANDARD = "gnu++0x";
				CLANG_CXX_LIBRARY = "libc++";
				CLANG_ENABLE_MODULES = YES;
				CLANG_ENABLE_OBJC_ARC = YES;
				CLANG_WARN_BOOL_CONVERSION = YES;
				CLANG_WARN_CONSTANT_CONVERSION = YES;
				CLANG_WARN_DIRECT_OBJC_ISA_USAGE = YES_ERROR;
				CLANG_WARN_DOCUMENTATION_COMMENTS = YES;
				CLANG_WARN_EMPTY_BODY = YES;
				CLANG_WARN_ENUM_CONVERSION = YES;
				CLANG_WARN_INFINITE_RECURSION = YES;
				CLANG_WARN_INT_CONVERSION = YES;
				CLANG_WARN_OBJC_ROOT_CLASS = YES_ERROR;
				CLANG_WARN_SUSPICIOUS_MOVE = YES;
				CLANG_WARN_UNREACHABLE_CODE = YES;
				CLANG_WARN__DUPLICATE_METHOD_MATCH = YES;
				"CODE_SIGN_IDENTITY[sdk=iphoneos*]" = "iPhone Developer";
				COPY_PHASE_STRIP = NO;
				DEBUG_INFORMATION_FORMAT = "dwarf-with-dsym";
				ENABLE_NS_ASSERTIONS = NO;
				ENABLE_STRICT_OBJC_MSGSEND = YES;
				GCC_C_LANGUAGE_STANDARD = gnu99;
				GCC_NO_COMMON_BLOCKS = YES;
				GCC_WARN_64_TO_32_BIT_CONVERSION = YES;
				GCC_WARN_ABOUT_RETURN_TYPE = YES_ERROR;
				GCC_WARN_UNDECLARED_SELECTOR = YES;
				GCC_WARN_UNINITIALIZED_AUTOS = YES_AGGRESSIVE;
				GCC_WARN_UNUSED_FUNCTION = YES;
				GCC_WARN_UNUSED_VARIABLE = YES;
				IPHONEOS_DEPLOYMENT_TARGET = 10.3;
				MTL_ENABLE_DEBUG_INFO = NO;
				SDKROOT = iphoneos;
				SWIFT_OPTIMIZATION_LEVEL = "-Owholemodule";
				VALIDATE_PRODUCT = YES;
			};
			name = Release;
		};
		8207E8B41E9F47C30084FD0E /* Debug */ = {
			isa = XCBuildConfiguration;
			buildSettings = {
				ASSETCATALOG_COMPILER_APPICON_NAME = AppIcon;
				DEVELOPMENT_TEAM = HV8NWK3YP7;
				INFOPLIST_FILE = ScaleLayer/Info.plist;
				LD_RUNPATH_SEARCH_PATHS = "$(inherited) @executable_path/Frameworks";
				PRODUCT_BUNDLE_IDENTIFIER = YiLianTong.ScaleLayer;
				PRODUCT_NAME = "$(TARGET_NAME)";
				SWIFT_VERSION = 3.0;
			};
			name = Debug;
		};
		8207E8B51E9F47C30084FD0E /* Release */ = {
			isa = XCBuildConfiguration;
			buildSettings = {
				ASSETCATALOG_COMPILER_APPICON_NAME = AppIcon;
				DEVELOPMENT_TEAM = HV8NWK3YP7;
				INFOPLIST_FILE = ScaleLayer/Info.plist;
				LD_RUNPATH_SEARCH_PATHS = "$(inherited) @executable_path/Frameworks";
				PRODUCT_BUNDLE_IDENTIFIER = YiLianTong.ScaleLayer;
				PRODUCT_NAME = "$(TARGET_NAME)";
				SWIFT_VERSION = 3.0;
			};
			name = Release;
		};
		8207E8B71E9F47C30084FD0E /* Debug */ = {
			isa = XCBuildConfiguration;
			buildSettings = {
				ALWAYS_EMBED_SWIFT_STANDARD_LIBRARIES = YES;
				BUNDLE_LOADER = "$(TEST_HOST)";
				DEVELOPMENT_TEAM = HV8NWK3YP7;
				INFOPLIST_FILE = ScaleLayerTests/Info.plist;
				LD_RUNPATH_SEARCH_PATHS = "$(inherited) @executable_path/Frameworks @loader_path/Frameworks";
				PRODUCT_BUNDLE_IDENTIFIER = YiLianTong.ScaleLayerTests;
				PRODUCT_NAME = "$(TARGET_NAME)";
				SWIFT_VERSION = 3.0;
				TEST_HOST = "$(BUILT_PRODUCTS_DIR)/ScaleLayer.app/ScaleLayer";
			};
			name = Debug;
		};
		8207E8B81E9F47C30084FD0E /* Release */ = {
			isa = XCBuildConfiguration;
			buildSettings = {
				ALWAYS_EMBED_SWIFT_STANDARD_LIBRARIES = YES;
				BUNDLE_LOADER = "$(TEST_HOST)";
				DEVELOPMENT_TEAM = HV8NWK3YP7;
				INFOPLIST_FILE = ScaleLayerTests/Info.plist;
				LD_RUNPATH_SEARCH_PATHS = "$(inherited) @executable_path/Frameworks @loader_path/Frameworks";
				PRODUCT_BUNDLE_IDENTIFIER = YiLianTong.ScaleLayerTests;
				PRODUCT_NAME = "$(TARGET_NAME)";
				SWIFT_VERSION = 3.0;
				TEST_HOST = "$(BUILT_PRODUCTS_DIR)/ScaleLayer.app/ScaleLayer";
			};
			name = Release;
		};
		8207E8BA1E9F47C30084FD0E /* Debug */ = {
			isa = XCBuildConfiguration;
			buildSettings = {
				ALWAYS_EMBED_SWIFT_STANDARD_LIBRARIES = YES;
				DEVELOPMENT_TEAM = HV8NWK3YP7;
				INFOPLIST_FILE = ScaleLayerUITests/Info.plist;
				LD_RUNPATH_SEARCH_PATHS = "$(inherited) @executable_path/Frameworks @loader_path/Frameworks";
				PRODUCT_BUNDLE_IDENTIFIER = YiLianTong.ScaleLayerUITests;
				PRODUCT_NAME = "$(TARGET_NAME)";
				SWIFT_VERSION = 3.0;
				TEST_TARGET_NAME = ScaleLayer;
			};
			name = Debug;
		};
		8207E8BB1E9F47C30084FD0E /* Release */ = {
			isa = XCBuildConfiguration;
			buildSettings = {
				ALWAYS_EMBED_SWIFT_STANDARD_LIBRARIES = YES;
				DEVELOPMENT_TEAM = HV8NWK3YP7;
				INFOPLIST_FILE = ScaleLayerUITests/Info.plist;
				LD_RUNPATH_SEARCH_PATHS = "$(inherited) @executable_path/Frameworks @loader_path/Frameworks";
				PRODUCT_BUNDLE_IDENTIFIER = YiLianTong.ScaleLayerUITests;
				PRODUCT_NAME = "$(TARGET_NAME)";
				SWIFT_VERSION = 3.0;
				TEST_TARGET_NAME = ScaleLayer;
			};
			name = Release;
		};
/* End XCBuildConfiguration section */

/* Begin XCConfigurationList section */
		8207E8861E9F47C30084FD0E /* Build configuration list for PBXProject "ScaleLayer" */ = {
			isa = XCConfigurationList;
			buildConfigurations = (
				8207E8B11E9F47C30084FD0E /* Debug */,
				8207E8B21E9F47C30084FD0E /* Release */,
			);
			defaultConfigurationIsVisible = 0;
			defaultConfigurationName = Release;
		};
		8207E8B31E9F47C30084FD0E /* Build configuration list for PBXNativeTarget "ScaleLayer" */ = {
			isa = XCConfigurationList;
			buildConfigurations = (
				8207E8B41E9F47C30084FD0E /* Debug */,
				8207E8B51E9F47C30084FD0E /* Release */,
			);
			defaultConfigurationIsVisible = 0;
		};
		8207E8B61E9F47C30084FD0E /* Build configuration list for PBXNativeTarget "ScaleLayerTests" */ = {
			isa = XCConfigurationList;
			buildConfigurations = (
				8207E8B71E9F47C30084FD0E /* Debug */,
				8207E8B81E9F47C30084FD0E /* Release */,
			);
			defaultConfigurationIsVisible = 0;
		};
		8207E8B91E9F47C30084FD0E /* Build configuration list for PBXNativeTarget "ScaleLayerUITests" */ = {
			isa = XCConfigurationList;
			buildConfigurations = (
				8207E8BA1E9F47C30084FD0E /* Debug */,
				8207E8BB1E9F47C30084FD0E /* Release */,
			);
			defaultConfigurationIsVisible = 0;
		};
/* End XCConfigurationList section */
	};
	rootObject = 8207E8831E9F47C30084FD0E /* Project object */;
}
